
Microsoft Visual Studio Solution File, Format Version 12.00
# Visual Studio 2013
VisualStudioVersion = 12.0.21005.1
MinimumVisualStudioVersion = 10.0.40219.1
Project("{FAE04EC0-301F-11D3-BF4B-00C04F79EFBC}") = "RemoteDesktopManager", "RemoteDesktopManager\RemoteDesktopManager.csproj", "{F9B5A319-2133-4A94-944F-9B0CF4C95BE0}"
EndProject
Project("{FAE04EC0-301F-11D3-BF4B-00C04F79EFBC}") = "SetupHelper", "SetupHelper\SetupHelper.csproj", "{2AF0F04A-756F-49A0-9FB9-568D8BE37343}"
EndProject
Global
	GlobalSection(SolutionConfigurationPlatforms) = preSolution
		Debug|Any CPU = Debug|Any CPU
		Release|Any CPU = Release|Any CPU
	EndGlobalSection
	GlobalSection(ProjectConfigurationPlatforms) = postSolution
		{F9B5A319-2133-4A94-944F-9B0CF4C95BE0}.Debug|Any CPU.ActiveCfg = Debug|Any CPU
		{F9B5A319-2133-4A94-944F-9B0CF4C95BE0}.Debug|Any CPU.Build.0 = Debug|Any CPU
		{F9B5A319-2133-4A94-944F-9B0CF4C95BE0}.Release|Any CPU.ActiveCfg = Release|Any CPU
		{F9B5A319-2133-4A94-944F-9B0CF4C95BE0}.Release|Any CPU.Build.0 = Release|Any CPU
		{2AF0F04A-756F-49A0-9FB9-568D8BE37343}.Debug|Any CPU.ActiveCfg = Debug|Any CPU
		{2AF0F04A-756F-49A0-9FB9-568D8BE37343}.Debug|Any CPU.Build.0 = Debug|Any CPU
		{2AF0F04A-756F-49A0-9FB9-568D8BE37343}.Release|Any CPU.ActiveCfg = Release|Any CPU
		{2AF0F04A-756F-49A0-9FB9-568D8BE37343}.Release|Any CPU.Build.0 = Release|Any CPU
	EndGlobalSection
	GlobalSection(SolutionProperties) = preSolution
		HideSolutionNode = FALSE
	EndGlobalSection
EndGlobal
